
Microsoft Visual Studio Solution File, Format Version 12.00
# Visual Studio Version 17
VisualStudioVersion = 17.8.34330.188
MinimumVisualStudioVersion = 10.0.40219.1
Project("{FAE04EC0-301F-11D3-BF4B-00C04F79EFBC}") = "App", "App\App.csproj", "{F36E6CBF-B71C-49E9-BC97-72B33962D3A0}"
EndProject
Project("{FAE04EC0-301F-11D3-BF4B-00C04F79EFBC}") = "UnitTest", "UnitTest\UnitTest.csproj", "{324F19E1-D6BC-47A0-8CE6-B07CE6758F3A}"
EndProject
Global
	GlobalSection(SolutionConfigurationPlatforms) = preSolution
		Debug|Any CPU = Debug|Any CPU
		Release|Any CPU = Release|Any CPU
	EndGlobalSection
	GlobalSection(ProjectConfigurationPlatforms) = postSolution
		{F36E6CBF-B71C-49E9-BC97-72B33962D3A0}.Debug|Any CPU.ActiveCfg = Debug|Any CPU
		{F36E6CBF-B71C-49E9-BC97-72B33962D3A0}.Debug|Any CPU.Build.0 = Debug|Any CPU
		{F36E6CBF-B71C-49E9-BC97-72B33962D3A0}.Release|Any CPU.ActiveCfg = Release|Any CPU
		{F36E6CBF-B71C-49E9-BC97-72B33962D3A0}.Release|Any CPU.Build.0 = Release|Any CPU
		{324F19E1-D6BC-47A0-8CE6-B07CE6758F3A}.Debug|Any CPU.ActiveCfg = Debug|Any CPU
		{324F19E1-D6BC-47A0-8CE6-B07CE6758F3A}.Debug|Any CPU.Build.0 = Debug|Any CPU
		{324F19E1-D6BC-47A0-8CE6-B07CE6758F3A}.Release|Any CPU.ActiveCfg = Release|Any CPU
		{324F19E1-D6BC-47A0-8CE6-B07CE6758F3A}.Release|Any CPU.Build.0 = Release|Any CPU
	EndGlobalSection
	GlobalSection(SolutionProperties) = preSolution
		HideSolutionNode = FALSE
	EndGlobalSection
	GlobalSection(ExtensibilityGlobals) = postSolution
		SolutionGuid = {23F2EAC4-40DD-4B2D-A60D-A28B495B463D}
	EndGlobalSection
EndGlobal
